
Microsoft Visual Studio Solution File, Format Version 12.00
# Visual Studio Version 17
VisualStudioVersion = 17.5.33627.172
MinimumVisualStudioVersion = 10.0.40219.1
Project("{FAE04EC0-301F-11D3-BF4B-00C04F79EFBC}") = "Basic-Calculator", "Basic-Calculator\Basic-Calculator.csproj", "{1BA0A965-5D0D-43AD-BADB-677B73B4E492}"
EndProject
Global
	GlobalSection(SolutionConfigurationPlatforms) = preSolution
		Debug|Any CPU = Debug|Any CPU
		Release|Any CPU = Release|Any CPU
	EndGlobalSection
	GlobalSection(ProjectConfigurationPlatforms) = postSolution
		{1BA0A965-5D0D-43AD-BADB-677B73B4E492}.Debug|Any CPU.ActiveCfg = Debug|Any CPU
		{1BA0A965-5D0D-43AD-BADB-677B73B4E492}.Debug|Any CPU.Build.0 = Debug|Any CPU
		{1BA0A965-5D0D-43AD-BADB-677B73B4E492}.Release|Any CPU.ActiveCfg = Release|Any CPU
		{1BA0A965-5D0D-43AD-BADB-677B73B4E492}.Release|Any CPU.Build.0 = Release|Any CPU
	EndGlobalSection
	GlobalSection(SolutionProperties) = preSolution
		HideSolutionNode = FALSE
	EndGlobalSection
	GlobalSection(ExtensibilityGlobals) = postSolution
		SolutionGuid = {16F2E07A-8C36-4AF6-866B-1B583B07F3D9}
	EndGlobalSection
EndGlobal
